
Microsoft Visual Studio Solution File, Format Version 12.00
# Visual Studio Version 16
VisualStudioVersion = 16.0.29911.84
MinimumVisualStudioVersion = 10.0.40219.1
Project("{FAE04EC0-301F-11D3-BF4B-00C04F79EFBC}") = "Grapevine.GameRunner", "Grapevine.GameRunner\Grapevine.GameRunner.csproj", "{85CBC086-7188-407A-8C35-013C58AC4950}"
EndProject
Global
	GlobalSection(SolutionConfigurationPlatforms) = preSolution
		Debug|Any CPU = Debug|Any CPU
		Release|Any CPU = Release|Any CPU
	EndGlobalSection
	GlobalSection(ProjectConfigurationPlatforms) = postSolution
		{85CBC086-7188-407A-8C35-013C58AC4950}.Debug|Any CPU.ActiveCfg = Debug|Any CPU
		{85CBC086-7188-407A-8C35-013C58AC4950}.Debug|Any CPU.Build.0 = Debug|Any CPU
		{85CBC086-7188-407A-8C35-013C58AC4950}.Release|Any CPU.ActiveCfg = Release|Any CPU
		{85CBC086-7188-407A-8C35-013C58AC4950}.Release|Any CPU.Build.0 = Release|Any CPU
	EndGlobalSection
	GlobalSection(SolutionProperties) = preSolution
		HideSolutionNode = FALSE
	EndGlobalSection
	GlobalSection(ExtensibilityGlobals) = postSolution
		SolutionGuid = {5AA324E8-92DB-4DD8-8FFB-84AC22BED2F0}
	EndGlobalSection
EndGlobal
